
Microsoft Visual Studio Solution File, Format Version 12.00
# Visual Studio 15
VisualStudioVersion = 15.0.27703.2026
MinimumVisualStudioVersion = 10.0.40219.1
Project("{FAE04EC0-301F-11D3-BF4B-00C04F79EFBC}") = "WorkoutTracker.Android", "WorkoutTracker\WorkoutTracker.Android\WorkoutTracker.Android.csproj", "{93F89916-FA5A-4C1B-A2CB-931827B278BB}"
EndProject
Project("{FAE04EC0-301F-11D3-BF4B-00C04F79EFBC}") = "WorkoutTracker.iOS", "WorkoutTracker\WorkoutTracker.iOS\WorkoutTracker.iOS.csproj", "{764D5D17-F38F-476A-9F63-275EE01E08DC}"
EndProject
Project("{FAE04EC0-301F-11D3-BF4B-00C04F79EFBC}") = "WorkoutTracker.UWP", "WorkoutTracker\WorkoutTracker.UWP\WorkoutTracker.UWP.csproj", "{571594F8-BB2A-493F-B233-61BAF9C01524}"
EndProject
Project("{D954291E-2A0B-460D-934E-DC6B0785DB48}") = "WorkoutTracker", "WorkoutTracker\WorkoutTracker\WorkoutTracker.shproj", "{1D2CEE71-C740-4CF4-A8DB-1464C619C138}"
EndProject
Global
	GlobalSection(SharedMSBuildProjectFiles) = preSolution
		WorkoutTracker\WorkoutTracker\WorkoutTracker.projitems*{1d2cee71-c740-4cf4-a8db-1464c619c138}*SharedItemsImports = 13
		WorkoutTracker\WorkoutTracker\WorkoutTracker.projitems*{571594f8-bb2a-493f-b233-61baf9c01524}*SharedItemsImports = 4
		WorkoutTracker\WorkoutTracker\WorkoutTracker.projitems*{764d5d17-f38f-476a-9f63-275ee01e08dc}*SharedItemsImports = 4
		WorkoutTracker\WorkoutTracker\WorkoutTracker.projitems*{93f89916-fa5a-4c1b-a2cb-931827b278bb}*SharedItemsImports = 4
	EndGlobalSection
	GlobalSection(SolutionConfigurationPlatforms) = preSolution
		Ad-Hoc|Any CPU = Ad-Hoc|Any CPU
		Ad-Hoc|ARM = Ad-Hoc|ARM
		Ad-Hoc|iPhone = Ad-Hoc|iPhone
		Ad-Hoc|iPhoneSimulator = Ad-Hoc|iPhoneSimulator
		Ad-Hoc|x64 = Ad-Hoc|x64
		Ad-Hoc|x86 = Ad-Hoc|x86
		AppStore|Any CPU = AppStore|Any CPU
		AppStore|ARM = AppStore|ARM
		AppStore|iPhone = AppStore|iPhone
		AppStore|iPhoneSimulator = AppStore|iPhoneSimulator
		AppStore|x64 = AppStore|x64
		AppStore|x86 = AppStore|x86
		Debug|Any CPU = Debug|Any CPU
		Debug|ARM = Debug|ARM
		Debug|iPhone = Debug|iPhone
		Debug|iPhoneSimulator = Debug|iPhoneSimulator
		Debug|x64 = Debug|x64
		Debug|x86 = Debug|x86
		Release|Any CPU = Release|Any CPU
		Release|ARM = Release|ARM
		Release|iPhone = Release|iPhone
		Release|iPhoneSimulator = Release|iPhoneSimulator
		Release|x64 = Release|x64
		Release|x86 = Release|x86
	EndGlobalSection
	GlobalSection(ProjectConfigurationPlatforms) = postSolution
		{93F89916-FA5A-4C1B-A2CB-931827B278BB}.Ad-Hoc|Any CPU.ActiveCfg = Release|Any CPU
		{93F89916-FA5A-4C1B-A2CB-931827B278BB}.Ad-Hoc|Any CPU.Build.0 = Release|Any CPU
		{93F89916-FA5A-4C1B-A2CB-931827B278BB}.Ad-Hoc|Any CPU.Deploy.0 = Release|Any CPU
		{93F89916-FA5A-4C1B-A2CB-931827B278BB}.Ad-Hoc|ARM.ActiveCfg = Release|Any CPU
		{93F89916-FA5A-4C1B-A2CB-931827B278BB}.Ad-Hoc|ARM.Build.0 = Release|Any CPU
		{93F89916-FA5A-4C1B-A2CB-931827B278BB}.Ad-Hoc|ARM.Deploy.0 = Release|Any CPU
		{93F89916-FA5A-4C1B-A2CB-931827B278BB}.Ad-Hoc|iPhone.ActiveCfg = Release|Any CPU
		{93F89916-FA5A-4C1B-A2CB-931827B278BB}.Ad-Hoc|iPhone.Build.0 = Release|Any CPU
		{93F89916-FA5A-4C1B-A2CB-931827B278BB}.Ad-Hoc|iPhone.Deploy.0 = Release|Any CPU
		{93F89916-FA5A-4C1B-A2CB-931827B278BB}.Ad-Hoc|iPhoneSimulator.ActiveCfg = Release|Any CPU
		{93F89916-FA5A-4C1B-A2CB-931827B278BB}.Ad-Hoc|iPhoneSimulator.Build.0 = Release|Any CPU
		{93F89916-FA5A-4C1B-A2CB-931827B278BB}.Ad-Hoc|iPhoneSimulator.Deploy.0 = Release|Any CPU
		{93F89916-FA5A-4C1B-A2CB-931827B278BB}.Ad-Hoc|x64.ActiveCfg = Release|Any CPU
		{93F89916-FA5A-4C1B-A2CB-931827B278BB}.Ad-Hoc|x64.Build.0 = Release|Any CPU
		{93F89916-FA5A-4C1B-A2CB-931827B278BB}.Ad-Hoc|x64.Deploy.0 = Release|Any CPU
		{93F89916-FA5A-4C1B-A2CB-931827B278BB}.Ad-Hoc|x86.ActiveCfg = Release|Any CPU
		{93F89916-FA5A-4C1B-A2CB-931827B278BB}.Ad-Hoc|x86.Build.0 = Release|Any CPU
		{93F89916-FA5A-4C1B-A2CB-931827B278BB}.Ad-Hoc|x86.Deploy.0 = Release|Any CPU
		{93F89916-FA5A-4C1B-A2CB-931827B278BB}.AppStore|Any CPU.ActiveCfg = Release|Any CPU
		{93F89916-FA5A-4C1B-A2CB-931827B278BB}.AppStore|Any CPU.Build.0 = Release|Any CPU
		{93F89916-FA5A-4C1B-A2CB-931827B278BB}.AppStore|Any CPU.Deploy.0 = Release|Any CPU
		{93F89916-FA5A-4C1B-A2CB-931827B278BB}.AppStore|ARM.ActiveCfg = Release|Any CPU
		{93F89916-FA5A-4C1B-A2CB-931827B278BB}.AppStore|ARM.Build.0 = Release|Any CPU
		{93F89916-FA5A-4C1B-A2CB-931827B278BB}.AppStore|ARM.Deploy.0 = Release|Any CPU
		{93F89916-FA5A-4C1B-A2CB-931827B278BB}.AppStore|iPhone.ActiveCfg = Release|Any CPU
		{93F89916-FA5A-4C1B-A2CB-931827B278BB}.AppStore|iPhone.Build.0 = Release|Any CPU
		{93F89916-FA5A-4C1B-A2CB-931827B278BB}.AppStore|iPhone.Deploy.0 = Release|Any CPU
		{93F89916-FA5A-4C1B-A2CB-931827B278BB}.AppStore|iPhoneSimulator.ActiveCfg = Release|Any CPU
		{93F89916-FA5A-4C1B-A2CB-931827B278BB}.AppStore|iPhoneSimulator.Build.0 = Release|Any CPU
		{93F89916-FA5A-4C1B-A2CB-931827B278BB}.AppStore|iPhoneSimulator.Deploy.0 = Release|Any CPU
		{93F89916-FA5A-4C1B-A2CB-931827B278BB}.AppStore|x64.ActiveCfg = Release|Any CPU
		{93F89916-FA5A-4C1B-A2CB-931827B278BB}.AppStore|x64.Build.0 = Release|Any CPU
		{93F89916-FA5A-4C1B-A2CB-931827B278BB}.AppStore|x64.Deploy.0 = Release|Any CPU
		{93F89916-FA5A-4C1B-A2CB-931827B278BB}.AppStore|x86.ActiveCfg = Release|Any CPU
		{93F89916-FA5A-4C1B-A2CB-931827B278BB}.AppStore|x86.Build.0 = Release|Any CPU
		{93F89916-FA5A-4C1B-A2CB-931827B278BB}.AppStore|x86.Deploy.0 = Release|Any CPU
		{93F89916-FA5A-4C1B-A2CB-931827B278BB}.Debug|Any CPU.ActiveCfg = Debug|Any CPU
		{93F89916-FA5A-4C1B-A2CB-931827B278BB}.Debug|Any CPU.Build.0 = Debug|Any CPU
		{93F89916-FA5A-4C1B-A2CB-931827B278BB}.Debug|Any CPU.Deploy.0 = Debug|Any CPU
		{93F89916-FA5A-4C1B-A2CB-931827B278BB}.Debug|ARM.ActiveCfg = Debug|Any CPU
		{93F89916-FA5A-4C1B-A2CB-931827B278BB}.Debug|ARM.Build.0 = Debug|Any CPU
		{93F89916-FA5A-4C1B-A2CB-931827B278BB}.Debug|ARM.Deploy.0 = Debug|Any CPU
		{93F89916-FA5A-4C1B-A2CB-931827B278BB}.Debug|iPhone.ActiveCfg = Debug|Any CPU
		{93F89916-FA5A-4C1B-A2CB-931827B278BB}.Debug|iPhone.Build.0 = Debug|Any CPU
		{93F89916-FA5A-4C1B-A2CB-931827B278BB}.Debug|iPhone.Deploy.0 = Debug|Any CPU
		{93F89916-FA5A-4C1B-A2CB-931827B278BB}.Debug|iPhoneSimulator.ActiveCfg = Debug|Any CPU
		{93F89916-FA5A-4C1B-A2CB-931827B278BB}.Debug|iPhoneSimulator.Build.0 = Debug|Any CPU
		{93F89916-FA5A-4C1B-A2CB-931827B278BB}.Debug|iPhoneSimulator.Deploy.0 = Debug|Any CPU
		{93F89916-FA5A-4C1B-A2CB-931827B278BB}.Debug|x64.ActiveCfg = Debug|Any CPU
		{93F89916-FA5A-4C1B-A2CB-931827B278BB}.Debug|x64.Build.0 = Debug|Any CPU
		{93F89916-FA5A-4C1B-A2CB-931827B278BB}.Debug|x64.Deploy.0 = Debug|Any CPU
		{93F89916-FA5A-4C1B-A2CB-931827B278BB}.Debug|x86.ActiveCfg = Debug|Any CPU
		{93F89916-FA5A-4C1B-A2CB-931827B278BB}.Debug|x86.Build.0 = Debug|Any CPU
		{93F89916-FA5A-4C1B-A2CB-931827B278BB}.Debug|x86.Deploy.0 = Debug|Any CPU
		{93F89916-FA5A-4C1B-A2CB-931827B278BB}.Release|Any CPU.ActiveCfg = Release|Any CPU
		{93F89916-FA5A-4C1B-A2CB-931827B278BB}.Release|Any CPU.Build.0 = Release|Any CPU
		{93F89916-FA5A-4C1B-A2CB-931827B278BB}.Release|Any CPU.Deploy.0 = Release|Any CPU
		{93F89916-FA5A-4C1B-A2CB-931827B278BB}.Release|ARM.ActiveCfg = Release|Any CPU
		{93F89916-FA5A-4C1B-A2CB-931827B278BB}.Release|ARM.Build.0 = Release|Any CPU
		{93F89916-FA5A-4C1B-A2CB-931827B278BB}.Release|ARM.Deploy.0 = Release|Any CPU
		{93F89916-FA5A-4C1B-A2CB-931827B278BB}.Release|iPhone.ActiveCfg = Release|Any CPU
		{93F89916-FA5A-4C1B-A2CB-931827B278BB}.Release|iPhone.Build.0 = Release|Any CPU
		{93F89916-FA5A-4C1B-A2CB-931827B278BB}.Release|iPhone.Deploy.0 = Release|Any CPU
		{93F89916-FA5A-4C1B-A2CB-931827B278BB}.Release|iPhoneSimulator.ActiveCfg = Release|Any CPU
		{93F89916-FA5A-4C1B-A2CB-931827B278BB}.Release|iPhoneSimulator.Build.0 = Release|Any CPU
		{93F89916-FA5A-4C1B-A2CB-931827B278BB}.Release|iPhoneSimulator.Deploy.0 = Release|Any CPU
		{93F89916-FA5A-4C1B-A2CB-931827B278BB}.Release|x64.ActiveCfg = Release|Any CPU
		{93F89916-FA5A-4C1B-A2CB-931827B278BB}.Release|x64.Build.0 = Release|Any CPU
		{93F89916-FA5A-4C1B-A2CB-931827B278BB}.Release|x64.Deploy.0 = Release|Any CPU
		{93F89916-FA5A-4C1B-A2CB-931827B278BB}.Release|x86.ActiveCfg = Release|Any CPU
		{93F89916-FA5A-4C1B-A2CB-931827B278BB}.Release|x86.Build.0 = Release|Any CPU
		{93F89916-FA5A-4C1B-A2CB-931827B278BB}.Release|x86.Deploy.0 = Release|Any CPU
		{764D5D17-F38F-476A-9F63-275EE01E08DC}.Ad-Hoc|Any CPU.ActiveCfg = Ad-Hoc|iPhone
		{764D5D17-F38F-476A-9F63-275EE01E08DC}.Ad-Hoc|Any CPU.Build.0 = Ad-Hoc|iPhone
		{764D5D17-F38F-476A-9F63-275EE01E08DC}.Ad-Hoc|Any CPU.Deploy.0 = Ad-Hoc|iPhone
		{764D5D17-F38F-476A-9F63-275EE01E08DC}.Ad-Hoc|ARM.ActiveCfg = Ad-Hoc|iPhone
		{764D5D17-F38F-476A-9F63-275EE01E08DC}.Ad-Hoc|ARM.Build.0 = Ad-Hoc|iPhone
		{764D5D17-F38F-476A-9F63-275EE01E08DC}.Ad-Hoc|ARM.Deploy.0 = Ad-Hoc|iPhone
		{764D5D17-F38F-476A-9F63-275EE01E08DC}.Ad-Hoc|iPhone.ActiveCfg = Ad-Hoc|iPhone
		{764D5D17-F38F-476A-9F63-275EE01E08DC}.Ad-Hoc|iPhone.Build.0 = Ad-Hoc|iPhone
		{764D5D17-F38F-476A-9F63-275EE01E08DC}.Ad-Hoc|iPhone.Deploy.0 = Ad-Hoc|iPhone
		{764D5D17-F38F-476A-9F63-275EE01E08DC}.Ad-Hoc|iPhoneSimulator.ActiveCfg = Ad-Hoc|iPhoneSimulator
		{764D5D17-F38F-476A-9F63-275EE01E08DC}.Ad-Hoc|iPhoneSimulator.Build.0 = Ad-Hoc|iPhoneSimulator
		{764D5D17-F38F-476A-9F63-275EE01E08DC}.Ad-Hoc|iPhoneSimulator.Deploy.0 = Ad-Hoc|iPhoneSimulator
		{764D5D17-F38F-476A-9F63-275EE01E08DC}.Ad-Hoc|x64.ActiveCfg = Ad-Hoc|iPhone
		{764D5D17-F38F-476A-9F63-275EE01E08DC}.Ad-Hoc|x64.Build.0 = Ad-Hoc|iPhone
		{764D5D17-F38F-476A-9F63-275EE01E08DC}.Ad-Hoc|x64.Deploy.0 = Ad-Hoc|iPhone
		{764D5D17-F38F-476A-9F63-275EE01E08DC}.Ad-Hoc|x86.ActiveCfg = Ad-Hoc|iPhone
		{764D5D17-F38F-476A-9F63-275EE01E08DC}.Ad-Hoc|x86.Build.0 = Ad-Hoc|iPhone
		{764D5D17-F38F-476A-9F63-275EE01E08DC}.Ad-Hoc|x86.Deploy.0 = Ad-Hoc|iPhone
		{764D5D17-F38F-476A-9F63-275EE01E08DC}.AppStore|Any CPU.ActiveCfg = AppStore|iPhone
		{764D5D17-F38F-476A-9F63-275EE01E08DC}.AppStore|Any CPU.Build.0 = AppStore|iPhone
		{764D5D17-F38F-476A-9F63-275EE01E08DC}.AppStore|Any CPU.Deploy.0 = AppStore|iPhone
		{764D5D17-F38F-476A-9F63-275EE01E08DC}.AppStore|ARM.ActiveCfg = AppStore|iPhone
		{764D5D17-F38F-476A-9F63-275EE01E08DC}.AppStore|ARM.Build.0 = AppStore|iPhone
		{764D5D17-F38F-476A-9F63-275EE01E08DC}.AppStore|ARM.Deploy.0 = AppStore|iPhone
		{764D5D17-F38F-476A-9F63-275EE01E08DC}.AppStore|iPhone.ActiveCfg = AppStore|iPhone
		{764D5D17-F38F-476A-9F63-275EE01E08DC}.AppStore|iPhone.Build.0 = AppStore|iPhone
		{764D5D17-F38F-476A-9F63-275EE01E08DC}.AppStore|iPhone.Deploy.0 = AppStore|iPhone
		{764D5D17-F38F-476A-9F63-275EE01E08DC}.AppStore|iPhoneSimulator.ActiveCfg = AppStore|iPhoneSimulator
		{764D5D17-F38F-476A-9F63-275EE01E08DC}.AppStore|iPhoneSimulator.Build.0 = AppStore|iPhoneSimulator
		{764D5D17-F38F-476A-9F63-275EE01E08DC}.AppStore|iPhoneSimulator.Deploy.0 = AppStore|iPhoneSimulator
		{764D5D17-F38F-476A-9F63-275EE01E08DC}.AppStore|x64.ActiveCfg = AppStore|iPhone
		{764D5D17-F38F-476A-9F63-275EE01E08DC}.AppStore|x64.Build.0 = AppStore|iPhone
		{764D5D17-F38F-476A-9F63-275EE01E08DC}.AppStore|x64.Deploy.0 = AppStore|iPhone
		{764D5D17-F38F-476A-9F63-275EE01E08DC}.AppStore|x86.ActiveCfg = AppStore|iPhone
		{764D5D17-F38F-476A-9F63-275EE01E08DC}.AppStore|x86.Build.0 = AppStore|iPhone
		{764D5D17-F38F-476A-9F63-275EE01E08DC}.AppStore|x86.Deploy.0 = AppStore|iPhone
		{764D5D17-F38F-476A-9F63-275EE01E08DC}.Debug|Any CPU.ActiveCfg = Debug|iPhoneSimulator
		{764D5D17-F38F-476A-9F63-275EE01E08DC}.Debug|Any CPU.Build.0 = Debug|iPhoneSimulator
		{764D5D17-F38F-476A-9F63-275EE01E08DC}.Debug|Any CPU.Deploy.0 = Debug|iPhoneSimulator
		{764D5D17-F38F-476A-9F63-275EE01E08DC}.Debug|ARM.ActiveCfg = Debug|iPhone
		{764D5D17-F38F-476A-9F63-275EE01E08DC}.Debug|ARM.Build.0 = Debug|iPhone
		{764D5D17-F38F-476A-9F63-275EE01E08DC}.Debug|ARM.Deploy.0 = Debug|iPhone
		{764D5D17-F38F-476A-9F63-275EE01E08DC}.Debug|iPhone.ActiveCfg = Debug|iPhone
		{764D5D17-F38F-476A-9F63-275EE01E08DC}.Debug|iPhone.Build.0 = Debug|iPhone
		{764D5D17-F38F-476A-9F63-275EE01E08DC}.Debug|iPhone.Deploy.0 = Debug|iPhone
		{764D5D17-F38F-476A-9F63-275EE01E08DC}.Debug|iPhoneSimulator.ActiveCfg = Debug|iPhoneSimulator
		{764D5D17-F38F-476A-9F63-275EE01E08DC}.Debug|iPhoneSimulator.Build.0 = Debug|iPhoneSimulator
		{764D5D17-F38F-476A-9F63-275EE01E08DC}.Debug|iPhoneSimulator.Deploy.0 = Debug|iPhoneSimulator
		{764D5D17-F38F-476A-9F63-275EE01E08DC}.Debug|x64.ActiveCfg = Debug|iPhone
		{764D5D17-F38F-476A-9F63-275EE01E08DC}.Debug|x64.Build.0 = Debug|iPhone
		{764D5D17-F38F-476A-9F63-275EE01E08DC}.Debug|x64.Deploy.0 = Debug|iPhone
		{764D5D17-F38F-476A-9F63-275EE01E08DC}.Debug|x86.ActiveCfg = Debug|iPhone
		{764D5D17-F38F-476A-9F63-275EE01E08DC}.Debug|x86.Build.0 = Debug|iPhone
		{764D5D17-F38F-476A-9F63-275EE01E08DC}.Debug|x86.Deploy.0 = Debug|iPhone
		{764D5D17-F38F-476A-9F63-275EE01E08DC}.Release|Any CPU.ActiveCfg = Release|iPhone
		{764D5D17-F38F-476A-9F63-275EE01E08DC}.Release|Any CPU.Build.0 = Release|iPhone
		{764D5D17-F38F-476A-9F63-275EE01E08DC}.Release|Any CPU.Deploy.0 = Release|iPhone
		{764D5D17-F38F-476A-9F63-275EE01E08DC}.Release|ARM.ActiveCfg = Release|iPhone
		{764D5D17-F38F-476A-9F63-275EE01E08DC}.Release|ARM.Build.0 = Release|iPhone
		{764D5D17-F38F-476A-9F63-275EE01E08DC}.Release|ARM.Deploy.0 = Release|iPhone
		{764D5D17-F38F-476A-9F63-275EE01E08DC}.Release|iPhone.ActiveCfg = Release|iPhone
		{764D5D17-F38F-476A-9F63-275EE01E08DC}.Release|iPhone.Build.0 = Release|iPhone
		{764D5D17-F38F-476A-9F63-275EE01E08DC}.Release|iPhone.Deploy.0 = Release|iPhone
		{764D5D17-F38F-476A-9F63-275EE01E08DC}.Release|iPhoneSimulator.ActiveCfg = Release|iPhoneSimulator
		{764D5D17-F38F-476A-9F63-275EE01E08DC}.Release|iPhoneSimulator.Build.0 = Release|iPhoneSimulator
		{764D5D17-F38F-476A-9F63-275EE01E08DC}.Release|iPhoneSimulator.Deploy.0 = Release|iPhoneSimulator
		{764D5D17-F38F-476A-9F63-275EE01E08DC}.Release|x64.ActiveCfg = Release|iPhone
		{764D5D17-F38F-476A-9F63-275EE01E08DC}.Release|x64.Build.0 = Release|iPhone
		{764D5D17-F38F-476A-9F63-275EE01E08DC}.Release|x64.Deploy.0 = Release|iPhone
		{764D5D17-F38F-476A-9F63-275EE01E08DC}.Release|x86.ActiveCfg = Release|iPhone
		{764D5D17-F38F-476A-9F63-275EE01E08DC}.Release|x86.Build.0 = Release|iPhone
		{764D5D17-F38F-476A-9F63-275EE01E08DC}.Release|x86.Deploy.0 = Release|iPhone
		{571594F8-BB2A-493F-B233-61BAF9C01524}.Ad-Hoc|Any CPU.ActiveCfg = Release|x86
		{571594F8-BB2A-493F-B233-61BAF9C01524}.Ad-Hoc|Any CPU.Build.0 = Release|x86
		{571594F8-BB2A-493F-B233-61BAF9C01524}.Ad-Hoc|Any CPU.Deploy.0 = Release|x86
		{571594F8-BB2A-493F-B233-61BAF9C01524}.Ad-Hoc|ARM.ActiveCfg = Release|ARM
		{571594F8-BB2A-493F-B233-61BAF9C01524}.Ad-Hoc|ARM.Build.0 = Release|ARM
		{571594F8-BB2A-493F-B233-61BAF9C01524}.Ad-Hoc|ARM.Deploy.0 = Release|ARM
		{571594F8-BB2A-493F-B233-61BAF9C01524}.Ad-Hoc|iPhone.ActiveCfg = Release|x86
		{571594F8-BB2A-493F-B233-61BAF9C01524}.Ad-Hoc|iPhone.Build.0 = Release|x86
		{571594F8-BB2A-493F-B233-61BAF9C01524}.Ad-Hoc|iPhone.Deploy.0 = Release|x86
		{571594F8-BB2A-493F-B233-61BAF9C01524}.Ad-Hoc|iPhoneSimulator.ActiveCfg = Release|x86
		{571594F8-BB2A-493F-B233-61BAF9C01524}.Ad-Hoc|iPhoneSimulator.Build.0 = Release|x86
		{571594F8-BB2A-493F-B233-61BAF9C01524}.Ad-Hoc|iPhoneSimulator.Deploy.0 = Release|x86
		{571594F8-BB2A-493F-B233-61BAF9C01524}.Ad-Hoc|x64.ActiveCfg = Release|x64
		{571594F8-BB2A-493F-B233-61BAF9C01524}.Ad-Hoc|x64.Build.0 = Release|x64
		{571594F8-BB2A-493F-B233-61BAF9C01524}.Ad-Hoc|x64.Deploy.0 = Release|x64
		{571594F8-BB2A-493F-B233-61BAF9C01524}.Ad-Hoc|x86.ActiveCfg = Release|x86
		{571594F8-BB2A-493F-B233-61BAF9C01524}.Ad-Hoc|x86.Build.0 = Release|x86
		{571594F8-BB2A-493F-B233-61BAF9C01524}.Ad-Hoc|x86.Deploy.0 = Release|x86
		{571594F8-BB2A-493F-B233-61BAF9C01524}.AppStore|Any CPU.ActiveCfg = Release|x86
		{571594F8-BB2A-493F-B233-61BAF9C01524}.AppStore|Any CPU.Build.0 = Release|x86
		{571594F8-BB2A-493F-B233-61BAF9C01524}.AppStore|Any CPU.Deploy.0 = Release|x86
		{571594F8-BB2A-493F-B233-61BAF9C01524}.AppStore|ARM.ActiveCfg = Release|ARM
		{571594F8-BB2A-493F-B233-61BAF9C01524}.AppStore|ARM.Build.0 = Release|ARM
		{571594F8-BB2A-493F-B233-61BAF9C01524}.AppStore|ARM.Deploy.0 = Release|ARM
		{571594F8-BB2A-493F-B233-61BAF9C01524}.AppStore|iPhone.ActiveCfg = Release|x86
		{571594F8-BB2A-493F-B233-61BAF9C01524}.AppStore|iPhone.Build.0 = Release|x86
		{571594F8-BB2A-493F-B233-61BAF9C01524}.AppStore|iPhone.Deploy.0 = Release|x86
		{571594F8-BB2A-493F-B233-61BAF9C01524}.AppStore|iPhoneSimulator.ActiveCfg = Release|x86
		{571594F8-BB2A-493F-B233-61BAF9C01524}.AppStore|iPhoneSimulator.Build.0 = Release|x86
		{571594F8-BB2A-493F-B233-61BAF9C01524}.AppStore|iPhoneSimulator.Deploy.0 = Release|x86
		{571594F8-BB2A-493F-B233-61BAF9C01524}.AppStore|x64.ActiveCfg = Release|x64
		{571594F8-BB2A-493F-B233-61BAF9C01524}.AppStore|x64.Build.0 = Release|x64
		{571594F8-BB2A-493F-B233-61BAF9C01524}.AppStore|x64.Deploy.0 = Release|x64
		{571594F8-BB2A-493F-B233-61BAF9C01524}.AppStore|x86.ActiveCfg = Release|x86
		{571594F8-BB2A-493F-B233-61BAF9C01524}.AppStore|x86.Build.0 = Release|x86
		{571594F8-BB2A-493F-B233-61BAF9C01524}.AppStore|x86.Deploy.0 = Release|x86
		{571594F8-BB2A-493F-B233-61BAF9C01524}.Debug|Any CPU.ActiveCfg = Debug|x86
		{571594F8-BB2A-493F-B233-61BAF9C01524}.Debug|Any CPU.Build.0 = Debug|x86
		{571594F8-BB2A-493F-B233-61BAF9C01524}.Debug|Any CPU.Deploy.0 = Debug|x86
		{571594F8-BB2A-493F-B233-61BAF9C01524}.Debug|ARM.ActiveCfg = Debug|ARM
		{571594F8-BB2A-493F-B233-61BAF9C01524}.Debug|ARM.Build.0 = Debug|ARM
		{571594F8-BB2A-493F-B233-61BAF9C01524}.Debug|ARM.Deploy.0 = Debug|ARM
		{571594F8-BB2A-493F-B233-61BAF9C01524}.Debug|iPhone.ActiveCfg = Debug|x86
		{571594F8-BB2A-493F-B233-61BAF9C01524}.Debug|iPhone.Build.0 = Debug|x86
		{571594F8-BB2A-493F-B233-61BAF9C01524}.Debug|iPhone.Deploy.0 = Debug|x86
		{571594F8-BB2A-493F-B233-61BAF9C01524}.Debug|iPhoneSimulator.ActiveCfg = Debug|x86
		{571594F8-BB2A-493F-B233-61BAF9C01524}.Debug|iPhoneSimulator.Build.0 = Debug|x86
		{571594F8-BB2A-493F-B233-61BAF9C01524}.Debug|iPhoneSimulator.Deploy.0 = Debug|x86
		{571594F8-BB2A-493F-B233-61BAF9C01524}.Debug|x64.ActiveCfg = Debug|x64
		{571594F8-BB2A-493F-B233-61BAF9C01524}.Debug|x64.Build.0 = Debug|x64
		{571594F8-BB2A-493F-B233-61BAF9C01524}.Debug|x64.Deploy.0 = Debug|x64
		{571594F8-BB2A-493F-B233-61BAF9C01524}.Debug|x86.ActiveCfg = Debug|x86
		{571594F8-BB2A-493F-B233-61BAF9C01524}.Debug|x86.Build.0 = Debug|x86
		{571594F8-BB2A-493F-B233-61BAF9C01524}.Debug|x86.Deploy.0 = Debug|x86
		{571594F8-BB2A-493F-B233-61BAF9C01524}.Release|Any CPU.ActiveCfg = Release|x86
		{571594F8-BB2A-493F-B233-61BAF9C01524}.Release|Any CPU.Build.0 = Release|x86
		{571594F8-BB2A-493F-B233-61BAF9C01524}.Release|Any CPU.Deploy.0 = Release|x86
		{571594F8-BB2A-493F-B233-61BAF9C01524}.Release|ARM.ActiveCfg = Release|ARM
		{571594F8-BB2A-493F-B233-61BAF9C01524}.Release|ARM.Build.0 = Release|ARM
		{571594F8-BB2A-493F-B233-61BAF9C01524}.Release|ARM.Deploy.0 = Release|ARM
		{571594F8-BB2A-493F-B233-61BAF9C01524}.Release|iPhone.ActiveCfg = Release|x86
		{571594F8-BB2A-493F-B233-61BAF9C01524}.Release|iPhone.Build.0 = Release|x86
		{571594F8-BB2A-493F-B233-61BAF9C01524}.Release|iPhone.Deploy.0 = Release|x86
		{571594F8-BB2A-493F-B233-61BAF9C01524}.Release|iPhoneSimulator.ActiveCfg = Release|x86
		{571594F8-BB2A-493F-B233-61BAF9C01524}.Release|iPhoneSimulator.Build.0 = Release|x86
		{571594F8-BB2A-493F-B233-61BAF9C01524}.Release|iPhoneSimulator.Deploy.0 = Release|x86
		{571594F8-BB2A-493F-B233-61BAF9C01524}.Release|x64.ActiveCfg = Release|x64
		{571594F8-BB2A-493F-B233-61BAF9C01524}.Release|x64.Build.0 = Release|x64
		{571594F8-BB2A-493F-B233-61BAF9C01524}.Release|x64.Deploy.0 = Release|x64
		{571594F8-BB2A-493F-B233-61BAF9C01524}.Release|x86.ActiveCfg = Release|x86
		{571594F8-BB2A-493F-B233-61BAF9C01524}.Release|x86.Build.0 = Release|x86
		{571594F8-BB2A-493F-B233-61BAF9C01524}.Release|x86.Deploy.0 = Release|x86
	EndGlobalSection
	GlobalSection(SolutionProperties) = preSolution
		HideSolutionNode = FALSE
	EndGlobalSection
	GlobalSection(ExtensibilityGlobals) = postSolution
		SolutionGuid = {8ACD096D-7F9C-4126-A975-54A36D9D7E07}
	EndGlobalSection
EndGlobal
